
Microsoft Visual Studio Solution File, Format Version 12.00
# Visual Studio Version 16
VisualStudioVersion = 16.0.30320.27
MinimumVisualStudioVersion = 10.0.40219.1
Project("{FAE04EC0-301F-11D3-BF4B-00C04F79EFBC}") = "Proto Gui", "Proto Gui.csproj", "{E69C0115-5230-499E-8EDC-5EC3CDBF1338}"
EndProject
Global
	GlobalSection(SolutionConfigurationPlatforms) = preSolution
		Debug|Any CPU = Debug|Any CPU
		Release|Any CPU = Release|Any CPU
	EndGlobalSection
	GlobalSection(ProjectConfigurationPlatforms) = postSolution
		{E69C0115-5230-499E-8EDC-5EC3CDBF1338}.Debug|Any CPU.ActiveCfg = Debug|Any CPU
		{E69C0115-5230-499E-8EDC-5EC3CDBF1338}.Debug|Any CPU.Build.0 = Debug|Any CPU
		{E69C0115-5230-499E-8EDC-5EC3CDBF1338}.Release|Any CPU.ActiveCfg = Release|Any CPU
		{E69C0115-5230-499E-8EDC-5EC3CDBF1338}.Release|Any CPU.Build.0 = Release|Any CPU
	EndGlobalSection
	GlobalSection(SolutionProperties) = preSolution
		HideSolutionNode = FALSE
	EndGlobalSection
	GlobalSection(ExtensibilityGlobals) = postSolution
		SolutionGuid = {C7CF6969-3687-4DBC-8E1F-03074E37E2AF}
	EndGlobalSection
EndGlobal
